<?xml version="1.0" encoding="utf-8"?>
<Project ToolsVersion="4.0" xmlns="http://schemas.microsoft.com/developer/msbuild/2003">
  <ItemGroup>
    <Filter Include="源文件">
      <UniqueIdentifier>{4FC737F1-C7A5-4376-A066-2A32D752A2FF}</UniqueIdentifier>
      <Extensions>cpp;c;cc;cxx;c++;cppm;ixx;def;odl;idl;hpj;bat;asm;asmx</Extensions>
    </Filter>
    <Filter Include="头文件">
      <UniqueIdentifier>{93995380-89BD-4b04-88EB-625FBE52EBFB}</UniqueIdentifier>
      <Extensions>h;hh;hpp;hxx;h++;hm;inl;inc;ipp;xsd</Extensions>
    </Filter>
    <Filter Include="资源文件">
      <UniqueIdentifier>{67DA6AB6-F800-4c08-8B7A-83BB121AAD01}</UniqueIdentifier>
      <Extensions>rc;ico;cur;bmp;dlg;rc2;rct;bin;rgs;gif;jpg;jpeg;jpe;resx;tiff;tif;png;wav;mfcribbon-ms</Extensions>
    </Filter>
  </ItemGroup>
  <ItemGroup>
    <ClCompile Include="Leetcode1365.cpp">
      <Filter>源文件</Filter>
    </ClCompile>
    <ClCompile Include="Leetcode1512.cpp">
      <Filter>源文件</Filter>
    </ClCompile>
    <ClCompile Include="Leetcode1431.cpp">
      <Filter>源文件</Filter>
    </ClCompile>
    <ClCompile Include="Leetcode1470.cpp">
      <Filter>源文件</Filter>
    </ClCompile>
    <ClCompile Include="Leetcode1480.cpp">
      <Filter>源文件</Filter>
    </ClCompile>
    <ClCompile Include="Leetcode1672.cpp">
      <Filter>源文件</Filter>
    </ClCompile>
    <ClCompile Include="Leetcode1276.cpp">
      <Filter>源文件</Filter>
    </ClCompile>
    <ClCompile Include="Leetcode69.cpp">
      <Filter>源文件</Filter>
    </ClCompile>
    <ClCompile Include="Leetcode441.cpp">
      <Filter>源文件</Filter>
    </ClCompile>
    <ClCompile Include="Leetcode172.cpp">
      <Filter>源文件</Filter>
    </ClCompile>
    <ClCompile Include="Leetcode169.cpp">
      <Filter>源文件</Filter>
    </ClCompile>
    <ClCompile Include="Leetcode493.cpp">
      <Filter>源文件</Filter>
    </ClCompile>
    <ClCompile Include="Leetcode1780.cpp">
      <Filter>源文件</Filter>
    </ClCompile>
    <ClCompile Include="Leetcode191.cpp">
      <Filter>源文件</Filter>
    </ClCompile>
    <ClCompile Include="Leetcode342.cpp">
      <Filter>源文件</Filter>
    </ClCompile>
    <ClCompile Include="Leetcode326.cpp">
      <Filter>源文件</Filter>
    </ClCompile>
    <ClCompile Include="Leetcode231.cpp">
      <Filter>源文件</Filter>
    </ClCompile>
    <ClCompile Include="Leetcode67.cpp">
      <Filter>源文件</Filter>
    </ClCompile>
    <ClCompile Include="Leetcode9.cpp">
      <Filter>源文件</Filter>
    </ClCompile>
    <ClCompile Include="Leetcode868.cpp">
      <Filter>源文件</Filter>
    </ClCompile>
    <ClCompile Include="Leetcode202.cpp">
      <Filter>源文件</Filter>
    </ClCompile>
    <ClCompile Include="Leetcode268.cpp">
      <Filter>源文件</Filter>
    </ClCompile>
    <ClCompile Include="Leetcode171.cpp">
      <Filter>源文件</Filter>
    </ClCompile>
    <ClCompile Include="Leetcode258.cpp">
      <Filter>源文件</Filter>
    </ClCompile>
    <ClCompile Include="Leetcode190.cpp">
      <Filter>源文件</Filter>
    </ClCompile>
    <ClCompile Include="Leetcode7.cpp">
      <Filter>源文件</Filter>
    </ClCompile>
    <ClCompile Include="Leetcode151.cpp">
      <Filter>源文件</Filter>
    </ClCompile>
    <ClCompile Include="Leetcode541.cpp">
      <Filter>源文件</Filter>
    </ClCompile>
    <ClCompile Include="Leetcode344.cpp">
      <Filter>源文件</Filter>
    </ClCompile>
    <ClCompile Include="Leetcode557.cpp">
      <Filter>源文件</Filter>
    </ClCompile>
    <ClCompile Include="Leetcode657.cpp">
      <Filter>源文件</Filter>
    </ClCompile>
    <ClCompile Include="Leetcode709.cpp">
      <Filter>源文件</Filter>
    </ClCompile>
    <ClCompile Include="Leetcode1662.cpp">
      <Filter>源文件</Filter>
    </ClCompile>
    <ClCompile Include="Leetcode1678.cpp">
      <Filter>源文件</Filter>
    </ClCompile>
    <ClCompile Include="Leetcode1773.cpp">
      <Filter>源文件</Filter>
    </ClCompile>
    <ClCompile Include="Leetcode1108.cpp">
      <Filter>源文件</Filter>
    </ClCompile>
    <ClCompile Include="Leetcode1588.cpp">
      <Filter>源文件</Filter>
    </ClCompile>
    <ClCompile Include="Leetcode999.cpp">
      <Filter>源文件</Filter>
    </ClCompile>
    <ClCompile Include="Leetcode509.cpp">
      <Filter>源文件</Filter>
    </ClCompile>
    <ClCompile Include="Leetcode1732.cpp">
      <Filter>源文件</Filter>
    </ClCompile>
    <ClCompile Include="Leetcode343.cpp">
      <Filter>源文件</Filter>
    </ClCompile>
    <ClCompile Include="Leetcode221.cpp">
      <Filter>源文件</Filter>
    </ClCompile>
    <ClCompile Include="Leetcode781.cpp">
      <Filter>源文件</Filter>
    </ClCompile>
    <ClCompile Include="Leetcode413.cpp">
      <Filter>源文件</Filter>
    </ClCompile>
    <ClCompile Include="Leetcode1551.cpp">
      <Filter>源文件</Filter>
    </ClCompile>
    <ClCompile Include="Leetcode204.cpp">
      <Filter>源文件</Filter>
    </ClCompile>
    <ClCompile Include="Leetcode168.cpp">
      <Filter>源文件</Filter>
    </ClCompile>
    <ClCompile Include="Leetcode914.cpp">
      <Filter>源文件</Filter>
    </ClCompile>
    <ClCompile Include="Leetcode242.cpp">
      <Filter>源文件</Filter>
    </ClCompile>
    <ClCompile Include="Leetcode389.cpp">
      <Filter>源文件</Filter>
    </ClCompile>
    <ClCompile Include="Leetcode5.cpp">
      <Filter>源文件</Filter>
    </ClCompile>
    <ClCompile Include="Leetcode120.cpp">
      <Filter>源文件</Filter>
    </ClCompile>
    <ClCompile Include="Leetcode70.cpp">
      <Filter>源文件</Filter>
    </ClCompile>
    <ClCompile Include="Leetcode45.cpp">
      <Filter>源文件</Filter>
    </ClCompile>
    <ClCompile Include="Leetcode55.cpp">
      <Filter>源文件</Filter>
    </ClCompile>
    <ClCompile Include="Leetcode1.cpp">
      <Filter>源文件</Filter>
    </ClCompile>
    <ClCompile Include="Leetcode3.cpp">
      <Filter>源文件</Filter>
    </ClCompile>
    <ClCompile Include="Leetcode238.cpp">
      <Filter>源文件</Filter>
    </ClCompile>
    <ClCompile Include="Leetcode945.cpp">
      <Filter>源文件</Filter>
    </ClCompile>
    <ClCompile Include="Leetcode21.cpp">
      <Filter>源文件</Filter>
    </ClCompile>
    <ClCompile Include="Leetcode206.cpp">
      <Filter>源文件</Filter>
    </ClCompile>
    <ClCompile Include="Leetcode143.cpp">
      <Filter>源文件</Filter>
    </ClCompile>
    <ClCompile Include="Leetcode2.cpp">
      <Filter>源文件</Filter>
    </ClCompile>
    <ClCompile Include="Leetcode455.cpp">
      <Filter>源文件</Filter>
    </ClCompile>
    <ClCompile Include="Leetcode376.cpp">
      <Filter>源文件</Filter>
    </ClCompile>
    <ClCompile Include="Leetcode402.cpp">
      <Filter>源文件</Filter>
    </ClCompile>
    <ClCompile Include="Leetcode452.cpp">
      <Filter>源文件</Filter>
    </ClCompile>
    <ClCompile Include="Leetcode64.cpp">
      <Filter>源文件</Filter>
    </ClCompile>
    <ClCompile Include="Leetcode96.cpp">
      <Filter>源文件</Filter>
    </ClCompile>
    <ClCompile Include="Leetcode11.cpp">
      <Filter>源文件</Filter>
    </ClCompile>
    <ClCompile Include="Leetcode15.cpp">
      <Filter>源文件</Filter>
    </ClCompile>
    <ClCompile Include="Leetcode42.cpp">
      <Filter>源文件</Filter>
    </ClCompile>
    <ClCompile Include="Leetcode198.cpp">
      <Filter>源文件</Filter>
    </ClCompile>
    <ClCompile Include="Leetcode322.cpp">
      <Filter>源文件</Filter>
    </ClCompile>
    <ClCompile Include="Leetcode518.cpp">
      <Filter>源文件</Filter>
    </ClCompile>
    <ClCompile Include="Leetcode152.cpp">
      <Filter>源文件</Filter>
    </ClCompile>
    <ClCompile Include="Leetcode121.cpp">
      <Filter>源文件</Filter>
    </ClCompile>
    <ClCompile Include="Leetcode122.cpp">
      <Filter>源文件</Filter>
    </ClCompile>
    <ClCompile Include="Leetcode18.cpp">
      <Filter>源文件</Filter>
    </ClCompile>
    <ClCompile Include="Leetcode454.cpp">
      <Filter>源文件</Filter>
    </ClCompile>
    <ClCompile Include="Leetcode27.cpp">
      <Filter>源文件</Filter>
    </ClCompile>
    <ClCompile Include="Leetcode26.cpp">
      <Filter>源文件</Filter>
    </ClCompile>
    <ClCompile Include="Leetcode215.cpp">
      <Filter>源文件</Filter>
    </ClCompile>
    <ClCompile Include="Leetcode28.cpp">
      <Filter>源文件</Filter>
    </ClCompile>
    <ClCompile Include="Leetcode279.cpp">
      <Filter>源文件</Filter>
    </ClCompile>
    <ClCompile Include="Leetcode300.cpp">
      <Filter>源文件</Filter>
    </ClCompile>
    <ClCompile Include="Leetcode83.cpp">
      <Filter>源文件</Filter>
    </ClCompile>
    <ClCompile Include="Leetcode35.cpp">
      <Filter>源文件</Filter>
    </ClCompile>
    <ClCompile Include="Leetcode278.cpp">
      <Filter>源文件</Filter>
    </ClCompile>
    <ClCompile Include="Leetcode88.cpp">
      <Filter>源文件</Filter>
    </ClCompile>
    <ClCompile Include="Leetcode100.cpp">
      <Filter>源文件</Filter>
    </ClCompile>
    <ClCompile Include="Leetcode75.cpp">
      <Filter>源文件</Filter>
    </ClCompile>
    <ClCompile Include="Leetcode73.cpp">
      <Filter>源文件</Filter>
    </ClCompile>
    <ClCompile Include="Leetcode53.cpp">
      <Filter>源文件</Filter>
    </ClCompile>
    <ClCompile Include="Leetcode72.cpp">
      <Filter>源文件</Filter>
    </ClCompile>
    <ClCompile Include="Leetcode82.cpp">
      <Filter>源文件</Filter>
    </ClCompile>
    <ClCompile Include="Leetcode20.cpp">
      <Filter>源文件</Filter>
    </ClCompile>
    <ClCompile Include="Leetcode14.cpp">
      <Filter>源文件</Filter>
    </ClCompile>
    <ClCompile Include="Leetcode136.cpp">
      <Filter>源文件</Filter>
    </ClCompile>
    <ClCompile Include="Leetcode1290.cpp">
      <Filter>源文件</Filter>
    </ClCompile>
    <ClCompile Include="Leetcode876.cpp">
      <Filter>源文件</Filter>
    </ClCompile>
    <ClCompile Include="Leetcode237.cpp">
      <Filter>源文件</Filter>
    </ClCompile>
    <ClCompile Include="Leetcode160.cpp">
      <Filter>源文件</Filter>
    </ClCompile>
    <ClCompile Include="Leetcode141.cpp">
      <Filter>源文件</Filter>
    </ClCompile>
    <ClCompile Include="Leetcode234.cpp">
      <Filter>源文件</Filter>
    </ClCompile>
    <ClCompile Include="Leetcode203.cpp">
      <Filter>源文件</Filter>
    </ClCompile>
    <ClCompile Include="Leetcode384.cpp">
      <Filter>源文件</Filter>
    </ClCompile>
    <ClCompile Include="Leetcode155.cpp">
      <Filter>源文件</Filter>
    </ClCompile>
    <ClCompile Include="Leetcode24.cpp">
      <Filter>源文件</Filter>
    </ClCompile>
    <ClCompile Include="Leetcode92.cpp">
      <Filter>源文件</Filter>
    </ClCompile>
    <ClCompile Include="Leetcode142.cpp">
      <Filter>源文件</Filter>
    </ClCompile>
    <ClCompile Include="Leetcode86.cpp">
      <Filter>源文件</Filter>
    </ClCompile>
    <ClCompile Include="Leetcode138.cpp">
      <Filter>源文件</Filter>
    </ClCompile>
    <ClCompile Include="Leetcode445.cpp">
      <Filter>源文件</Filter>
    </ClCompile>
    <ClCompile Include="Leetcode225.cpp">
      <Filter>源文件</Filter>
    </ClCompile>
    <ClCompile Include="Leetcode232.cpp">
      <Filter>源文件</Filter>
    </ClCompile>
    <ClCompile Include="Leetcode295.cpp">
      <Filter>源文件</Filter>
    </ClCompile>
    <ClCompile Include="Leetcode290.cpp">
      <Filter>源文件</Filter>
    </ClCompile>
    <ClCompile Include="Leetcode4.cpp">
      <Filter>源文件</Filter>
    </ClCompile>
    <ClCompile Include="Leetcode50.cpp">
      <Filter>源文件</Filter>
    </ClCompile>
    <ClCompile Include="Leetcode367.cpp">
      <Filter>源文件</Filter>
    </ClCompile>
    <ClCompile Include="Leetcode239.cpp">
      <Filter>源文件</Filter>
    </ClCompile>
    <ClCompile Include="Leetcode46.cpp">
      <Filter>源文件</Filter>
    </ClCompile>
    <ClCompile Include="Leetcode78.cpp">
      <Filter>源文件</Filter>
    </ClCompile>
    <ClCompile Include="Leetcode77.cpp">
      <Filter>源文件</Filter>
    </ClCompile>
    <ClCompile Include="Leetcode283.cpp">
      <Filter>源文件</Filter>
    </ClCompile>
    <ClCompile Include="LeetcodeHeaderProcessor.cpp">
      <Filter>源文件</Filter>
    </ClCompile>
    <ClCompile Include="Leetcode22.cpp">
      <Filter>源文件</Filter>
    </ClCompile>
    <ClCompile Include="Leetcode146.cpp">
      <Filter>源文件</Filter>
    </ClCompile>
    <ClCompile Include="Leetcode59.cpp">
      <Filter>源文件</Filter>
    </ClCompile>
    <ClCompile Include="Leetcode54.cpp">
      <Filter>源文件</Filter>
    </ClCompile>
    <ClCompile Include="Leetcode373.cpp">
      <Filter>源文件</Filter>
    </ClCompile>
    <ClCompile Include="Leetcode209.cpp">
      <Filter>源文件</Filter>
    </ClCompile>
    <ClCompile Include="Leetcode110.cpp">
      <Filter>源文件</Filter>
    </ClCompile>
    <ClCompile Include="Leetcode111.cpp">
      <Filter>源文件</Filter>
    </ClCompile>
    <ClCompile Include="Leetcode118.cpp">
      <Filter>源文件</Filter>
    </ClCompile>
    <ClCompile Include="Leetcode119.cpp">
      <Filter>源文件</Filter>
    </ClCompile>
    <ClCompile Include="Leetcode114.cpp">
      <Filter>源文件</Filter>
    </ClCompile>
    <ClCompile Include="Leetcode116.cpp">
      <Filter>源文件</Filter>
    </ClCompile>
    <ClCompile Include="Leetcode102.cpp">
      <Filter>源文件</Filter>
    </ClCompile>
    <ClCompile Include="Leetcode103.cpp">
      <Filter>源文件</Filter>
    </ClCompile>
  </ItemGroup>
  <ItemGroup>
    <ClInclude Include="LeetcodeHeader.h">
      <Filter>源文件</Filter>
    </ClInclude>
  </ItemGroup>
</Project>